{
  "name": "strtime",
  "version": "1.0.0",
  "lockfileVersion": 1,
  "requires": true,
  "dependencies": {
    "canary-test": {
      "version": "1.0.2",
      "resolved": "https://registry.npmjs.org/canary-test/-/canary-test-1.0.2.tgz",
      "integrity": "sha512-dMxvmnzCeks5wCO1lktrtecQZtkR7j1gxePY5iGGwpXKuhO878ZlV9HcXNVDL9gnPtEkdu2LHfKbmkMufFzbYQ==",
      "dev": true
    },
    "commander": {
      "version": "2.13.0",
      "resolved": "https://registry.npmjs.org/commander/-/commander-2.13.0.tgz",
      "integrity": "sha512-MVuS359B+YzaWqjCL/c+22gfryv+mCBPHAv3zyVI2GN8EY6IRP8VwtasXn8jyyhvvq84R4ImN1OKRtcbIasjYA==",
      "dev": true
    },
    "dayjs": {
      "version": "1.6.2",
      "resolved": "https://registry.npmjs.org/dayjs/-/dayjs-1.6.2.tgz",
      "integrity": "sha512-2yrkr0eF8W7Bwfwd4rwZ7MKUEhxQ2cG7/Awo++ciZrVtWHgF2E3A+dyonVZ/Xk3C8VgtkZjeKzuYz6muWx5nuw==",
      "dev": true
    },
    "luxon": {
      "version": "1.2.1",
      "resolved": "https://registry.npmjs.org/luxon/-/luxon-1.2.1.tgz",
      "integrity": "sha512-ymX+7rWJjYw6jfmtkLqHJmXo+FYC69icT60x+utlzjIOc/U4SNXljUITwH4C1RDP0ZukWf4apHT/d1Ux/4eHPg==",
      "dev": true
    },
    "moment": {
      "version": "2.22.1",
      "resolved": "https://registry.npmjs.org/moment/-/moment-2.22.1.tgz",
      "integrity": "sha512-shJkRTSebXvsVqk56I+lkb2latjBs8I+pc2TzWc545y2iFnSjm7Wg0QMh+ZWcdSLQyGEau5jI8ocnmkyTgr9YQ==",
      "dev": true
    },
    "source-map": {
      "version": "0.6.1",
      "resolved": "https://registry.npmjs.org/source-map/-/source-map-0.6.1.tgz",
      "integrity": "sha512-UjgapumWlbMhkBgzT7Ykc5YXUT46F0iKu8SGXq0bcwP5dz/h0Plj6enJqjz1Zbq2l5WaqYnrVbwWOWMyF3F47g==",
      "dev": true
    },
    "uglify-es": {
      "version": "3.3.9",
      "resolved": "https://registry.npmjs.org/uglify-es/-/uglify-es-3.3.9.tgz",
      "integrity": "sha512-r+MU0rfv4L/0eeW3xZrd16t4NZfK8Ld4SWVglYBb7ez5uXFWHuVRs6xCTrf1yirs9a4j4Y27nn7SRfO6v67XsQ==",
      "dev": true,
      "requires": {
        "commander": "2.13.0",
        "source-map": "0.6.1"
      }
    }
  }
}
