{
  "name": "strtime",
  "version": "1.0.0",
  "lockfileVersion": 1,
  "requires": true,
  "dependencies": {
    "canary-test": {
      "version": "1.0.2",
      "resolved": "https://registry.npmjs.org/canary-test/-/canary-test-1.0.2.tgz",
      "integrity": "sha512-dMxvmnzCeks5wCO1lktrtecQZtkR7j1gxePY5iGGwpXKuhO878ZlV9HcXNVDL9gnPtEkdu2LHfKbmkMufFzbYQ==",
      "dev": true
    },
    "dayjs": {
      "version": "1.6.2",
      "resolved": "https://registry.npmjs.org/dayjs/-/dayjs-1.6.2.tgz",
      "integrity": "sha512-2yrkr0eF8W7Bwfwd4rwZ7MKUEhxQ2cG7/Awo++ciZrVtWHgF2E3A+dyonVZ/Xk3C8VgtkZjeKzuYz6muWx5nuw==",
      "dev": true
    },
    "luxon": {
      "version": "1.2.1",
      "resolved": "https://registry.npmjs.org/luxon/-/luxon-1.2.1.tgz",
      "integrity": "sha512-ymX+7rWJjYw6jfmtkLqHJmXo+FYC69icT60x+utlzjIOc/U4SNXljUITwH4C1RDP0ZukWf4apHT/d1Ux/4eHPg==",
      "dev": true
    },
    "moment": {
      "version": "2.22.1",
      "resolved": "https://registry.npmjs.org/moment/-/moment-2.22.1.tgz",
      "integrity": "sha512-shJkRTSebXvsVqk56I+lkb2latjBs8I+pc2TzWc545y2iFnSjm7Wg0QMh+ZWcdSLQyGEau5jI8ocnmkyTgr9YQ==",
      "dev": true
    }
  }
}
